// !$*UTF8*$!
{
	archiveVersion = 1;
	classes = {
	};
	objectVersion = 50;
	objects = {

/* Begin PBXBuildFile section */
		EA1C36CB22F40D2000D87AAF /* WrikeAuthNetworkingClient.swift in Sources */ = {isa = PBXBuildFile; fileRef = EA1C36CA22F40D2000D87AAF /* WrikeAuthNetworkingClient.swift */; };
		EA1C36CD22F92BF000D87AAF /* WrikeAuthNetworkingClient+Functions.swift in Sources */ = {isa = PBXBuildFile; fileRef = EA1C36CC22F92BF000D87AAF /* WrikeAuthNetworkingClient+Functions.swift */; };
		EA1C36D12315054F00D87AAF /* AccessTokenRequest.swift in Sources */ = {isa = PBXBuildFile; fileRef = EA1C36D02315054F00D87AAF /* AccessTokenRequest.swift */; };
		EA1D125423A208800013A58D /* WrikeLoginProcess.swift in Sources */ = {isa = PBXBuildFile; fileRef = EA1D125323A208800013A58D /* WrikeLoginProcess.swift */; };
		EA652895231F5D8400EEE5D4 /* UserDefaults+Extension.swift in Sources */ = {isa = PBXBuildFile; fileRef = EA652894231F5D8400EEE5D4 /* UserDefaults+Extension.swift */; };
		EA65289A231F7B1000EEE5D4 /* AuthorizationCodeRequest.swift in Sources */ = {isa = PBXBuildFile; fileRef = EA652899231F7B1000EEE5D4 /* AuthorizationCodeRequest.swift */; };
		EA65289C231F7CB400EEE5D4 /* ClientKeyRequestor.swift in Sources */ = {isa = PBXBuildFile; fileRef = EA65289B231F7CB400EEE5D4 /* ClientKeyRequestor.swift */; };
		EA8131BC22C5750A009D2806 /* WrikeAllFoldersResponseObject.swift in Sources */ = {isa = PBXBuildFile; fileRef = EA8131BB22C5750A009D2806 /* WrikeAllFoldersResponseObject.swift */; };
		EA8131BE22CBFD75009D2806 /* WrikeAPINetworkClient.swift in Sources */ = {isa = PBXBuildFile; fileRef = EA8131BD22CBFD75009D2806 /* WrikeAPINetworkClient.swift */; };
		EA8131C022CBFE92009D2806 /* WrikeAPINetworkClient+HelperFunctions.swift in Sources */ = {isa = PBXBuildFile; fileRef = EA8131BF22CBFE92009D2806 /* WrikeAPINetworkClient+HelperFunctions.swift */; };
		EA8131C322D854C2009D2806 /* AccountElementTableViewCell.swift in Sources */ = {isa = PBXBuildFile; fileRef = EA8131C122D854C2009D2806 /* AccountElementTableViewCell.swift */; };
		EA8131C422D854C2009D2806 /* AccountElementTableViewCell.xib in Resources */ = {isa = PBXBuildFile; fileRef = EA8131C222D854C2009D2806 /* AccountElementTableViewCell.xib */; };
		EA8131C622D93CC4009D2806 /* Extensions.swift in Sources */ = {isa = PBXBuildFile; fileRef = EA8131C522D93CC4009D2806 /* Extensions.swift */; };
		EAAAC98322BDB97600414284 /* AppDelegate.swift in Sources */ = {isa = PBXBuildFile; fileRef = EAAAC98222BDB97600414284 /* AppDelegate.swift */; };
		EAAAC98522BDB97600414284 /* LoginViewController.swift in Sources */ = {isa = PBXBuildFile; fileRef = EAAAC98422BDB97600414284 /* LoginViewController.swift */; };
		EAAAC98822BDB97600414284 /* Main.storyboard in Resources */ = {isa = PBXBuildFile; fileRef = EAAAC98622BDB97600414284 /* Main.storyboard */; };
		EAAAC98A22BDB97900414284 /* Assets.xcassets in Resources */ = {isa = PBXBuildFile; fileRef = EAAAC98922BDB97900414284 /* Assets.xcassets */; };
		EAAAC98D22BDB97900414284 /* LaunchScreen.storyboard in Resources */ = {isa = PBXBuildFile; fileRef = EAAAC98B22BDB97900414284 /* LaunchScreen.storyboard */; };
		EAAAC99522BDBA2800414284 /* StyledButton.swift in Sources */ = {isa = PBXBuildFile; fileRef = EAAAC99422BDBA2800414284 /* StyledButton.swift */; };
		EAAAC99A22BF30E300414284 /* WebKit.framework in Frameworks */ = {isa = PBXBuildFile; fileRef = EAAAC99922BF30E300414284 /* WebKit.framework */; };
		EAAAC99D22C18B9800414284 /* AccountElementsViewController.swift in Sources */ = {isa = PBXBuildFile; fileRef = EAAAC99B22C18B9800414284 /* AccountElementsViewController.swift */; };
		EAAAC99E22C18B9800414284 /* AccountElementsViewController.xib in Resources */ = {isa = PBXBuildFile; fileRef = EAAAC99C22C18B9800414284 /* AccountElementsViewController.xib */; };
		EAD32C1A22EE2139007368B8 /* ClientKeys.plist in Resources */ = {isa = PBXBuildFile; fileRef = EAD32C1922EE2139007368B8 /* ClientKeys.plist */; };
		EAFB81B322DE2FE30062813D /* FolderIdViewController.swift in Sources */ = {isa = PBXBuildFile; fileRef = EAFB81B122DE2FE30062813D /* FolderIdViewController.swift */; };
		EAFB81B422DE2FE30062813D /* FolderIdViewController.xib in Resources */ = {isa = PBXBuildFile; fileRef = EAFB81B222DE2FE30062813D /* FolderIdViewController.xib */; };
		EAFCC6B523AEB3A600DF8A16 /* WrikeFolderListResponseObject.swift in Sources */ = {isa = PBXBuildFile; fileRef = EAFCC6B423AEB3A600DF8A16 /* WrikeFolderListResponseObject.swift */; };
		EAFCC6B723AEF42800DF8A16 /* WrikeAPIRequestModel.swift in Sources */ = {isa = PBXBuildFile; fileRef = EAFCC6B623AEF42800DF8A16 /* WrikeAPIRequestModel.swift */; };
		EAFCC6B923B45BB500DF8A16 /* WrikeAPIRequestModel+Extension.swift in Sources */ = {isa = PBXBuildFile; fileRef = EAFCC6B823B45BB500DF8A16 /* WrikeAPIRequestModel+Extension.swift */; };
		EAFCC6BB23CB09C000DF8A16 /* FoldersNavigationController.swift in Sources */ = {isa = PBXBuildFile; fileRef = EAFCC6BA23CB09C000DF8A16 /* FoldersNavigationController.swift */; };
		EAFCC6BD23CBC59F00DF8A16 /* ActivityIndicatorViewController.swift in Sources */ = {isa = PBXBuildFile; fileRef = EAFCC6BC23CBC59F00DF8A16 /* ActivityIndicatorViewController.swift */; };
/* End PBXBuildFile section */

/* Begin PBXFileReference section */
		EA1C36CA22F40D2000D87AAF /* WrikeAuthNetworkingClient.swift */ = {isa = PBXFileReference; lastKnownFileType = sourcecode.swift; path = WrikeAuthNetworkingClient.swift; sourceTree = "<group>"; };
		EA1C36CC22F92BF000D87AAF /* WrikeAuthNetworkingClient+Functions.swift */ = {isa = PBXFileReference; lastKnownFileType = sourcecode.swift; path = "WrikeAuthNetworkingClient+Functions.swift"; sourceTree = "<group>"; };
		EA1C36D02315054F00D87AAF /* AccessTokenRequest.swift */ = {isa = PBXFileReference; fileEncoding = 4; lastKnownFileType = sourcecode.swift; path = AccessTokenRequest.swift; sourceTree = "<group>"; };
		EA1D125323A208800013A58D /* WrikeLoginProcess.swift */ = {isa = PBXFileReference; lastKnownFileType = sourcecode.swift; path = WrikeLoginProcess.swift; sourceTree = "<group>"; };
		EA652894231F5D8400EEE5D4 /* UserDefaults+Extension.swift */ = {isa = PBXFileReference; lastKnownFileType = sourcecode.swift; path = "UserDefaults+Extension.swift"; sourceTree = "<group>"; };
		EA652899231F7B1000EEE5D4 /* AuthorizationCodeRequest.swift */ = {isa = PBXFileReference; lastKnownFileType = sourcecode.swift; path = AuthorizationCodeRequest.swift; sourceTree = "<group>"; };
		EA65289B231F7CB400EEE5D4 /* ClientKeyRequestor.swift */ = {isa = PBXFileReference; lastKnownFileType = sourcecode.swift; path = ClientKeyRequestor.swift; sourceTree = "<group>"; };
		EA8131BB22C5750A009D2806 /* WrikeAllFoldersResponseObject.swift */ = {isa = PBXFileReference; lastKnownFileType = sourcecode.swift; path = WrikeAllFoldersResponseObject.swift; sourceTree = "<group>"; };
		EA8131BD22CBFD75009D2806 /* WrikeAPINetworkClient.swift */ = {isa = PBXFileReference; lastKnownFileType = sourcecode.swift; path = WrikeAPINetworkClient.swift; sourceTree = "<group>"; };
		EA8131BF22CBFE92009D2806 /* WrikeAPINetworkClient+HelperFunctions.swift */ = {isa = PBXFileReference; lastKnownFileType = sourcecode.swift; path = "WrikeAPINetworkClient+HelperFunctions.swift"; sourceTree = "<group>"; };
		EA8131C122D854C2009D2806 /* AccountElementTableViewCell.swift */ = {isa = PBXFileReference; lastKnownFileType = sourcecode.swift; path = AccountElementTableViewCell.swift; sourceTree = "<group>"; };
		EA8131C222D854C2009D2806 /* AccountElementTableViewCell.xib */ = {isa = PBXFileReference; lastKnownFileType = file.xib; path = AccountElementTableViewCell.xib; sourceTree = "<group>"; };
		EA8131C522D93CC4009D2806 /* Extensions.swift */ = {isa = PBXFileReference; lastKnownFileType = sourcecode.swift; path = Extensions.swift; sourceTree = "<group>"; };
		EAAAC97F22BDB97600414284 /* Wrike API Tool.app */ = {isa = PBXFileReference; explicitFileType = wrapper.application; includeInIndex = 0; path = "Wrike API Tool.app"; sourceTree = BUILT_PRODUCTS_DIR; };
		EAAAC98222BDB97600414284 /* AppDelegate.swift */ = {isa = PBXFileReference; lastKnownFileType = sourcecode.swift; path = AppDelegate.swift; sourceTree = "<group>"; };
		EAAAC98422BDB97600414284 /* LoginViewController.swift */ = {isa = PBXFileReference; lastKnownFileType = sourcecode.swift; path = LoginViewController.swift; sourceTree = "<group>"; };
		EAAAC98722BDB97600414284 /* Base */ = {isa = PBXFileReference; lastKnownFileType = file.storyboard; name = Base; path = Base.lproj/Main.storyboard; sourceTree = "<group>"; };
		EAAAC98922BDB97900414284 /* Assets.xcassets */ = {isa = PBXFileReference; lastKnownFileType = folder.assetcatalog; path = Assets.xcassets; sourceTree = "<group>"; };
		EAAAC98C22BDB97900414284 /* Base */ = {isa = PBXFileReference; lastKnownFileType = file.storyboard; name = Base; path = Base.lproj/LaunchScreen.storyboard; sourceTree = "<group>"; };
		EAAAC98E22BDB97900414284 /* Info.plist */ = {isa = PBXFileReference; lastKnownFileType = text.plist.xml; path = Info.plist; sourceTree = "<group>"; };
		EAAAC99422BDBA2800414284 /* StyledButton.swift */ = {isa = PBXFileReference; lastKnownFileType = sourcecode.swift; path = StyledButton.swift; sourceTree = "<group>"; };
		EAAAC99922BF30E300414284 /* WebKit.framework */ = {isa = PBXFileReference; lastKnownFileType = wrapper.framework; name = WebKit.framework; path = System/Library/Frameworks/WebKit.framework; sourceTree = SDKROOT; };
		EAAAC99B22C18B9800414284 /* AccountElementsViewController.swift */ = {isa = PBXFileReference; lastKnownFileType = sourcecode.swift; path = AccountElementsViewController.swift; sourceTree = "<group>"; };
		EAAAC99C22C18B9800414284 /* AccountElementsViewController.xib */ = {isa = PBXFileReference; lastKnownFileType = file.xib; path = AccountElementsViewController.xib; sourceTree = "<group>"; };
		EAD32C1622EA6420007368B8 /* Wrike API Tool.entitlements */ = {isa = PBXFileReference; lastKnownFileType = text.plist.entitlements; path = "Wrike API Tool.entitlements"; sourceTree = "<group>"; };
		EAD32C1922EE2139007368B8 /* ClientKeys.plist */ = {isa = PBXFileReference; lastKnownFileType = text.plist.xml; path = ClientKeys.plist; sourceTree = "<group>"; };
		EAFB81B122DE2FE30062813D /* FolderIdViewController.swift */ = {isa = PBXFileReference; lastKnownFileType = sourcecode.swift; path = FolderIdViewController.swift; sourceTree = "<group>"; };
		EAFB81B222DE2FE30062813D /* FolderIdViewController.xib */ = {isa = PBXFileReference; lastKnownFileType = file.xib; path = FolderIdViewController.xib; sourceTree = "<group>"; };
		EAFCC6B423AEB3A600DF8A16 /* WrikeFolderListResponseObject.swift */ = {isa = PBXFileReference; lastKnownFileType = sourcecode.swift; path = WrikeFolderListResponseObject.swift; sourceTree = "<group>"; };
		EAFCC6B623AEF42800DF8A16 /* WrikeAPIRequestModel.swift */ = {isa = PBXFileReference; lastKnownFileType = sourcecode.swift; path = WrikeAPIRequestModel.swift; sourceTree = "<group>"; };
		EAFCC6B823B45BB500DF8A16 /* WrikeAPIRequestModel+Extension.swift */ = {isa = PBXFileReference; lastKnownFileType = sourcecode.swift; path = "WrikeAPIRequestModel+Extension.swift"; sourceTree = "<group>"; };
		EAFCC6BA23CB09C000DF8A16 /* FoldersNavigationController.swift */ = {isa = PBXFileReference; lastKnownFileType = sourcecode.swift; path = FoldersNavigationController.swift; sourceTree = "<group>"; };
		EAFCC6BC23CBC59F00DF8A16 /* ActivityIndicatorViewController.swift */ = {isa = PBXFileReference; lastKnownFileType = sourcecode.swift; path = ActivityIndicatorViewController.swift; sourceTree = "<group>"; };
/* End PBXFileReference section */

/* Begin PBXFrameworksBuildPhase section */
		EAAAC97C22BDB97600414284 /* Frameworks */ = {
			isa = PBXFrameworksBuildPhase;
			buildActionMask = 2147483647;
			files = (
				EAAAC99A22BF30E300414284 /* WebKit.framework in Frameworks */,
			);
			runOnlyForDeploymentPostprocessing = 0;
		};
/* End PBXFrameworksBuildPhase section */

/* Begin PBXGroup section */
		EA652896231F5ED500EEE5D4 /* Extensions */ = {
			isa = PBXGroup;
			children = (
				EA652894231F5D8400EEE5D4 /* UserDefaults+Extension.swift */,
				EA8131C522D93CC4009D2806 /* Extensions.swift */,
			);
			path = Extensions;
			sourceTree = "<group>";
		};
		EA652897231F5EF200EEE5D4 /* Networking */ = {
			isa = PBXGroup;
			children = (
				EA1C36CA22F40D2000D87AAF /* WrikeAuthNetworkingClient.swift */,
				EA1C36CC22F92BF000D87AAF /* WrikeAuthNetworkingClient+Functions.swift */,
				EA1D125323A208800013A58D /* WrikeLoginProcess.swift */,
				EA8131BD22CBFD75009D2806 /* WrikeAPINetworkClient.swift */,
				EA8131BF22CBFE92009D2806 /* WrikeAPINetworkClient+HelperFunctions.swift */,
				EAFCC6B623AEF42800DF8A16 /* WrikeAPIRequestModel.swift */,
				EAFCC6B823B45BB500DF8A16 /* WrikeAPIRequestModel+Extension.swift */,
			);
			path = Networking;
			sourceTree = "<group>";
		};
		EA652898231F5F4300EEE5D4 /* Models */ = {
			isa = PBXGroup;
			children = (
				EA8131BB22C5750A009D2806 /* WrikeAllFoldersResponseObject.swift */,
				EAFCC6B423AEB3A600DF8A16 /* WrikeFolderListResponseObject.swift */,
				EA1C36D02315054F00D87AAF /* AccessTokenRequest.swift */,
				EA652899231F7B1000EEE5D4 /* AuthorizationCodeRequest.swift */,
				EA65289B231F7CB400EEE5D4 /* ClientKeyRequestor.swift */,
				EA652896231F5ED500EEE5D4 /* Extensions */,
				EA652897231F5EF200EEE5D4 /* Networking */,
			);
			path = Models;
			sourceTree = "<group>";
		};
		EA8131C722DAF629009D2806 /* Stroyboards and XIBs */ = {
			isa = PBXGroup;
			children = (
				EAAAC98622BDB97600414284 /* Main.storyboard */,
				EAAAC98B22BDB97900414284 /* LaunchScreen.storyboard */,
				EA8131C222D854C2009D2806 /* AccountElementTableViewCell.xib */,
				EAAAC99C22C18B9800414284 /* AccountElementsViewController.xib */,
				EAFB81B222DE2FE30062813D /* FolderIdViewController.xib */,
			);
			path = "Stroyboards and XIBs";
			sourceTree = "<group>";
		};
		EA8131C822DAF638009D2806 /* View Controllers */ = {
			isa = PBXGroup;
			children = (
				EAAAC98422BDB97600414284 /* LoginViewController.swift */,
				EAFCC6BA23CB09C000DF8A16 /* FoldersNavigationController.swift */,
				EAFB81B122DE2FE30062813D /* FolderIdViewController.swift */,
				EA8131C122D854C2009D2806 /* AccountElementTableViewCell.swift */,
				EAFCC6BC23CBC59F00DF8A16 /* ActivityIndicatorViewController.swift */,
				EAAAC99B22C18B9800414284 /* AccountElementsViewController.swift */,
			);
			path = "View Controllers";
			sourceTree = "<group>";
		};
		EA8131C922DAF649009D2806 /* Views */ = {
			isa = PBXGroup;
			children = (
				EAAAC99422BDBA2800414284 /* StyledButton.swift */,
			);
			path = Views;
			sourceTree = "<group>";
		};
		EAAAC97622BDB97600414284 = {
			isa = PBXGroup;
			children = (
				EAAAC98122BDB97600414284 /* Wrike API Tool */,
				EAAAC98022BDB97600414284 /* Products */,
				EAAAC99822BF30E300414284 /* Frameworks */,
			);
			sourceTree = "<group>";
		};
		EAAAC98022BDB97600414284 /* Products */ = {
			isa = PBXGroup;
			children = (
				EAAAC97F22BDB97600414284 /* Wrike API Tool.app */,
			);
			name = Products;
			sourceTree = "<group>";
		};
		EAAAC98122BDB97600414284 /* Wrike API Tool */ = {
			isa = PBXGroup;
			children = (
				EAD32C1622EA6420007368B8 /* Wrike API Tool.entitlements */,
				EAAAC98222BDB97600414284 /* AppDelegate.swift */,
				EA8131C822DAF638009D2806 /* View Controllers */,
				EA8131C922DAF649009D2806 /* Views */,
				EA8131C722DAF629009D2806 /* Stroyboards and XIBs */,
				EA652898231F5F4300EEE5D4 /* Models */,
				EAAAC98922BDB97900414284 /* Assets.xcassets */,
				EAAAC98E22BDB97900414284 /* Info.plist */,
				EAD32C1922EE2139007368B8 /* ClientKeys.plist */,
			);
			path = "Wrike API Tool";
			sourceTree = "<group>";
		};
		EAAAC99822BF30E300414284 /* Frameworks */ = {
			isa = PBXGroup;
			children = (
				EAAAC99922BF30E300414284 /* WebKit.framework */,
			);
			name = Frameworks;
			sourceTree = "<group>";
		};
/* End PBXGroup section */

/* Begin PBXNativeTarget section */
		EAAAC97E22BDB97600414284 /* Wrike API Tool */ = {
			isa = PBXNativeTarget;
			buildConfigurationList = EAAAC99122BDB97900414284 /* Build configuration list for PBXNativeTarget "Wrike API Tool" */;
			buildPhases = (
				EAAAC97B22BDB97600414284 /* Sources */,
				EAAAC97C22BDB97600414284 /* Frameworks */,
				EAAAC97D22BDB97600414284 /* Resources */,
			);
			buildRules = (
			);
			dependencies = (
			);
			name = "Wrike API Tool";
			productName = "Wrike API Tool";
			productReference = EAAAC97F22BDB97600414284 /* Wrike API Tool.app */;
			productType = "com.apple.product-type.application";
		};
/* End PBXNativeTarget section */

/* Begin PBXProject section */
		EAAAC97722BDB97600414284 /* Project object */ = {
			isa = PBXProject;
			attributes = {
				LastSwiftUpdateCheck = 1020;
				LastUpgradeCheck = 1020;
				ORGANIZATIONNAME = "Mark Tapia";
				TargetAttributes = {
					EAAAC97E22BDB97600414284 = {
						CreatedOnToolsVersion = 10.2.1;
						SystemCapabilities = {
							com.apple.SafariKeychain = {
								enabled = 1;
							};
						};
					};
				};
			};
			buildConfigurationList = EAAAC97A22BDB97600414284 /* Build configuration list for PBXProject "Wrike API Tool" */;
			compatibilityVersion = "Xcode 9.3";
			developmentRegion = en;
			hasScannedForEncodings = 0;
			knownRegions = (
				en,
				Base,
			);
			mainGroup = EAAAC97622BDB97600414284;
			productRefGroup = EAAAC98022BDB97600414284 /* Products */;
			projectDirPath = "";
			projectRoot = "";
			targets = (
				EAAAC97E22BDB97600414284 /* Wrike API Tool */,
			);
		};
/* End PBXProject section */

/* Begin PBXResourcesBuildPhase section */
		EAAAC97D22BDB97600414284 /* Resources */ = {
			isa = PBXResourcesBuildPhase;
			buildActionMask = 2147483647;
			files = (
				EAD32C1A22EE2139007368B8 /* ClientKeys.plist in Resources */,
				EAAAC98D22BDB97900414284 /* LaunchScreen.storyboard in Resources */,
				EAAAC99E22C18B9800414284 /* AccountElementsViewController.xib in Resources */,
				EA8131C422D854C2009D2806 /* AccountElementTableViewCell.xib in Resources */,
				EAFB81B422DE2FE30062813D /* FolderIdViewController.xib in Resources */,
				EAAAC98A22BDB97900414284 /* Assets.xcassets in Resources */,
				EAAAC98822BDB97600414284 /* Main.storyboard in Resources */,
			);
			runOnlyForDeploymentPostprocessing = 0;
		};
/* End PBXResourcesBuildPhase section */

/* Begin PBXSourcesBuildPhase section */
		EAAAC97B22BDB97600414284 /* Sources */ = {
			isa = PBXSourcesBuildPhase;
			buildActionMask = 2147483647;
			files = (
				EA1D125423A208800013A58D /* WrikeLoginProcess.swift in Sources */,
				EAAAC99D22C18B9800414284 /* AccountElementsViewController.swift in Sources */,
				EA8131C322D854C2009D2806 /* AccountElementTableViewCell.swift in Sources */,
				EAFCC6BD23CBC59F00DF8A16 /* ActivityIndicatorViewController.swift in Sources */,
				EA8131BC22C5750A009D2806 /* WrikeAllFoldersResponseObject.swift in Sources */,
				EA65289C231F7CB400EEE5D4 /* ClientKeyRequestor.swift in Sources */,
				EA1C36CB22F40D2000D87AAF /* WrikeAuthNetworkingClient.swift in Sources */,
				EAAAC99522BDBA2800414284 /* StyledButton.swift in Sources */,
				EA8131C622D93CC4009D2806 /* Extensions.swift in Sources */,
				EA8131C022CBFE92009D2806 /* WrikeAPINetworkClient+HelperFunctions.swift in Sources */,
				EAFCC6B723AEF42800DF8A16 /* WrikeAPIRequestModel.swift in Sources */,
				EAAAC98522BDB97600414284 /* LoginViewController.swift in Sources */,
				EA8131BE22CBFD75009D2806 /* WrikeAPINetworkClient.swift in Sources */,
				EAAAC98322BDB97600414284 /* AppDelegate.swift in Sources */,
				EAFCC6B923B45BB500DF8A16 /* WrikeAPIRequestModel+Extension.swift in Sources */,
				EA1C36D12315054F00D87AAF /* AccessTokenRequest.swift in Sources */,
				EAFB81B322DE2FE30062813D /* FolderIdViewController.swift in Sources */,
				EA652895231F5D8400EEE5D4 /* UserDefaults+Extension.swift in Sources */,
				EA65289A231F7B1000EEE5D4 /* AuthorizationCodeRequest.swift in Sources */,
				EAFCC6BB23CB09C000DF8A16 /* FoldersNavigationController.swift in Sources */,
				EAFCC6B523AEB3A600DF8A16 /* WrikeFolderListResponseObject.swift in Sources */,
				EA1C36CD22F92BF000D87AAF /* WrikeAuthNetworkingClient+Functions.swift in Sources */,
			);
			runOnlyForDeploymentPostprocessing = 0;
		};
/* End PBXSourcesBuildPhase section */

/* Begin PBXVariantGroup section */
		EAAAC98622BDB97600414284 /* Main.storyboard */ = {
			isa = PBXVariantGroup;
			children = (
				EAAAC98722BDB97600414284 /* Base */,
			);
			name = Main.storyboard;
			sourceTree = "<group>";
		};
		EAAAC98B22BDB97900414284 /* LaunchScreen.storyboard */ = {
			isa = PBXVariantGroup;
			children = (
				EAAAC98C22BDB97900414284 /* Base */,
			);
			name = LaunchScreen.storyboard;
			sourceTree = "<group>";
		};
/* End PBXVariantGroup section */

/* Begin XCBuildConfiguration section */
		EAAAC98F22BDB97900414284 /* Debug */ = {
			isa = XCBuildConfiguration;
			buildSettings = {
				ALWAYS_SEARCH_USER_PATHS = NO;
				CLANG_ANALYZER_NONNULL = YES;
				CLANG_ANALYZER_NUMBER_OBJECT_CONVERSION = YES_AGGRESSIVE;
				CLANG_CXX_LANGUAGE_STANDARD = "gnu++14";
				CLANG_CXX_LIBRARY = "libc++";
				CLANG_ENABLE_MODULES = YES;
				CLANG_ENABLE_OBJC_ARC = YES;
				CLANG_ENABLE_OBJC_WEAK = YES;
				CLANG_WARN_BLOCK_CAPTURE_AUTORELEASING = YES;
				CLANG_WARN_BOOL_CONVERSION = YES;
				CLANG_WARN_COMMA = YES;
				CLANG_WARN_CONSTANT_CONVERSION = YES;
				CLANG_WARN_DEPRECATED_OBJC_IMPLEMENTATIONS = YES;
				CLANG_WARN_DIRECT_OBJC_ISA_USAGE = YES_ERROR;
				CLANG_WARN_DOCUMENTATION_COMMENTS = YES;
				CLANG_WARN_EMPTY_BODY = YES;
				CLANG_WARN_ENUM_CONVERSION = YES;
				CLANG_WARN_INFINITE_RECURSION = YES;
				CLANG_WARN_INT_CONVERSION = YES;
				CLANG_WARN_NON_LITERAL_NULL_CONVERSION = YES;
				CLANG_WARN_OBJC_IMPLICIT_RETAIN_SELF = YES;
				CLANG_WARN_OBJC_LITERAL_CONVERSION = YES;
				CLANG_WARN_OBJC_ROOT_CLASS = YES_ERROR;
				CLANG_WARN_RANGE_LOOP_ANALYSIS = YES;
				CLANG_WARN_STRICT_PROTOTYPES = YES;
				CLANG_WARN_SUSPICIOUS_MOVE = YES;
				CLANG_WARN_UNGUARDED_AVAILABILITY = YES_AGGRESSIVE;
				CLANG_WARN_UNREACHABLE_CODE = YES;
				CLANG_WARN__DUPLICATE_METHOD_MATCH = YES;
				CODE_SIGN_IDENTITY = "iPhone Developer";
				COPY_PHASE_STRIP = NO;
				DEBUG_INFORMATION_FORMAT = dwarf;
				ENABLE_STRICT_OBJC_MSGSEND = YES;
				ENABLE_TESTABILITY = YES;
				GCC_C_LANGUAGE_STANDARD = gnu11;
				GCC_DYNAMIC_NO_PIC = NO;
				GCC_NO_COMMON_BLOCKS = YES;
				GCC_OPTIMIZATION_LEVEL = 0;
				GCC_PREPROCESSOR_DEFINITIONS = (
					"DEBUG=1",
					"$(inherited)",
				);
				GCC_WARN_64_TO_32_BIT_CONVERSION = YES;
				GCC_WARN_ABOUT_RETURN_TYPE = YES_ERROR;
				GCC_WARN_UNDECLARED_SELECTOR = YES;
				GCC_WARN_UNINITIALIZED_AUTOS = YES_AGGRESSIVE;
				GCC_WARN_UNUSED_FUNCTION = YES;
				GCC_WARN_UNUSED_VARIABLE = YES;
				IPHONEOS_DEPLOYMENT_TARGET = 12.2;
				MTL_ENABLE_DEBUG_INFO = INCLUDE_SOURCE;
				MTL_FAST_MATH = YES;
				ONLY_ACTIVE_ARCH = YES;
				SDKROOT = iphoneos;
				SWIFT_ACTIVE_COMPILATION_CONDITIONS = DEBUG;
				SWIFT_OPTIMIZATION_LEVEL = "-Onone";
			};
			name = Debug;
		};
		EAAAC99022BDB97900414284 /* Release */ = {
			isa = XCBuildConfiguration;
			buildSettings = {
				ALWAYS_SEARCH_USER_PATHS = NO;
				CLANG_ANALYZER_NONNULL = YES;
				CLANG_ANALYZER_NUMBER_OBJECT_CONVERSION = YES_AGGRESSIVE;
				CLANG_CXX_LANGUAGE_STANDARD = "gnu++14";
				CLANG_CXX_LIBRARY = "libc++";
				CLANG_ENABLE_MODULES = YES;
				CLANG_ENABLE_OBJC_ARC = YES;
				CLANG_ENABLE_OBJC_WEAK = YES;
				CLANG_WARN_BLOCK_CAPTURE_AUTORELEASING = YES;
				CLANG_WARN_BOOL_CONVERSION = YES;
				CLANG_WARN_COMMA = YES;
				CLANG_WARN_CONSTANT_CONVERSION = YES;
				CLANG_WARN_DEPRECATED_OBJC_IMPLEMENTATIONS = YES;
				CLANG_WARN_DIRECT_OBJC_ISA_USAGE = YES_ERROR;
				CLANG_WARN_DOCUMENTATION_COMMENTS = YES;
				CLANG_WARN_EMPTY_BODY = YES;
				CLANG_WARN_ENUM_CONVERSION = YES;
				CLANG_WARN_INFINITE_RECURSION = YES;
				CLANG_WARN_INT_CONVERSION = YES;
				CLANG_WARN_NON_LITERAL_NULL_CONVERSION = YES;
				CLANG_WARN_OBJC_IMPLICIT_RETAIN_SELF = YES;
				CLANG_WARN_OBJC_LITERAL_CONVERSION = YES;
				CLANG_WARN_OBJC_ROOT_CLASS = YES_ERROR;
				CLANG_WARN_RANGE_LOOP_ANALYSIS = YES;
				CLANG_WARN_STRICT_PROTOTYPES = YES;
				CLANG_WARN_SUSPICIOUS_MOVE = YES;
				CLANG_WARN_UNGUARDED_AVAILABILITY = YES_AGGRESSIVE;
				CLANG_WARN_UNREACHABLE_CODE = YES;
				CLANG_WARN__DUPLICATE_METHOD_MATCH = YES;
				CODE_SIGN_IDENTITY = "iPhone Developer";
				COPY_PHASE_STRIP = NO;
				DEBUG_INFORMATION_FORMAT = "dwarf-with-dsym";
				ENABLE_NS_ASSERTIONS = NO;
				ENABLE_STRICT_OBJC_MSGSEND = YES;
				GCC_C_LANGUAGE_STANDARD = gnu11;
				GCC_NO_COMMON_BLOCKS = YES;
				GCC_WARN_64_TO_32_BIT_CONVERSION = YES;
				GCC_WARN_ABOUT_RETURN_TYPE = YES_ERROR;
				GCC_WARN_UNDECLARED_SELECTOR = YES;
				GCC_WARN_UNINITIALIZED_AUTOS = YES_AGGRESSIVE;
				GCC_WARN_UNUSED_FUNCTION = YES;
				GCC_WARN_UNUSED_VARIABLE = YES;
				IPHONEOS_DEPLOYMENT_TARGET = 12.2;
				MTL_ENABLE_DEBUG_INFO = NO;
				MTL_FAST_MATH = YES;
				SDKROOT = iphoneos;
				SWIFT_COMPILATION_MODE = wholemodule;
				SWIFT_OPTIMIZATION_LEVEL = "-O";
				VALIDATE_PRODUCT = YES;
			};
			name = Release;
		};
		EAAAC99222BDB97900414284 /* Debug */ = {
			isa = XCBuildConfiguration;
			buildSettings = {
				ASSETCATALOG_COMPILER_APPICON_NAME = AppIcon;
				CODE_SIGN_ENTITLEMENTS = "Wrike API Tool/Wrike API Tool.entitlements";
				CODE_SIGN_IDENTITY = "iPhone Developer";
				CODE_SIGN_STYLE = Automatic;
				DEVELOPMENT_TEAM = 7W4UP5Q55U;
				INFOPLIST_FILE = "Wrike API Tool/Info.plist";
				LD_RUNPATH_SEARCH_PATHS = (
					"$(inherited)",
					"@executable_path/Frameworks",
				);
				PRODUCT_BUNDLE_IDENTIFIER = com.mdtaps.WrikeAPITool;
				PRODUCT_NAME = "$(TARGET_NAME)";
				PROVISIONING_PROFILE_SPECIFIER = "";
				SWIFT_VERSION = 5.0;
				TARGETED_DEVICE_FAMILY = "1,2";
			};
			name = Debug;
		};
		EAAAC99322BDB97900414284 /* Release */ = {
			isa = XCBuildConfiguration;
			buildSettings = {
				ASSETCATALOG_COMPILER_APPICON_NAME = AppIcon;
				CODE_SIGN_ENTITLEMENTS = "Wrike API Tool/Wrike API Tool.entitlements";
				CODE_SIGN_IDENTITY = "iPhone Developer";
				CODE_SIGN_STYLE = Automatic;
				DEVELOPMENT_TEAM = 7W4UP5Q55U;
				INFOPLIST_FILE = "Wrike API Tool/Info.plist";
				LD_RUNPATH_SEARCH_PATHS = (
					"$(inherited)",
					"@executable_path/Frameworks",
				);
				PRODUCT_BUNDLE_IDENTIFIER = com.mdtaps.WrikeAPITool;
				PRODUCT_NAME = "$(TARGET_NAME)";
				PROVISIONING_PROFILE_SPECIFIER = "";
				SWIFT_VERSION = 5.0;
				TARGETED_DEVICE_FAMILY = "1,2";
			};
			name = Release;
		};
/* End XCBuildConfiguration section */

/* Begin XCConfigurationList section */
		EAAAC97A22BDB97600414284 /* Build configuration list for PBXProject "Wrike API Tool" */ = {
			isa = XCConfigurationList;
			buildConfigurations = (
				EAAAC98F22BDB97900414284 /* Debug */,
				EAAAC99022BDB97900414284 /* Release */,
			);
			defaultConfigurationIsVisible = 0;
			defaultConfigurationName = Release;
		};
		EAAAC99122BDB97900414284 /* Build configuration list for PBXNativeTarget "Wrike API Tool" */ = {
			isa = XCConfigurationList;
			buildConfigurations = (
				EAAAC99222BDB97900414284 /* Debug */,
				EAAAC99322BDB97900414284 /* Release */,
			);
			defaultConfigurationIsVisible = 0;
			defaultConfigurationName = Release;
		};
/* End XCConfigurationList section */
	};
	rootObject = EAAAC97722BDB97600414284 /* Project object */;
}
